PODS:
  - RxCocoa (6.2.0):
    - RxRelay (= 6.2.0)
    - RxSwift (= 6.2.0)
  - RxRelay (6.2.0):
    - RxSwift (= 6.2.0)
  - RxSwift (6.2.0)
  - XLPagerTabStrip (9.0.0)

DEPENDENCIES:
  - RxCocoa
  - RxSwift
  - XLPagerTabStrip

SPEC REPOS:
  trunk:
    - RxCocoa
    - RxRelay
    - RxSwift
    - XLPagerTabStrip

SPEC CHECKSUMS:
  RxCocoa: 4baf94bb35f2c0ab31bc0cb9f1900155f646ba42
  RxRelay: e72dbfd157807478401ef1982e1c61c945c94b2f
  RxSwift: d356ab7bee873611322f134c5f9ef379fa183d8f
  XLPagerTabStrip: 61c57fd61f611ee5f01ff1495ad6fbee8bf496c5

PODFILE CHECKSUM: 53d79d7294426ae1c3ce7f3f0276f4a5279ef44a

COCOAPODS: 1.12.1
